
Microsoft Visual Studio Solution File, Format Version 12.00
# Visual Studio 14
VisualStudioVersion = 14.0.25420.1
MinimumVisualStudioVersion = 10.0.40219.1
Project("{FAE04EC0-301F-11D3-BF4B-00C04F79EFBC}") = "NanopoolStats", "HttpRequest\NanopoolStats.csproj", "{623D7BEA-F983-4FF3-BE49-B0A85FBD6833}"
EndProject
Project("{2150E333-8FDC-42A3-9474-1A3956D46DE8}") = "Solution Items", "Solution Items", "{F92BF7BF-881E-4C3E-847C-9E4880602DB5}"
	ProjectSection(SolutionItems) = preProject
		README.md = README.md
	EndProjectSection
EndProject
Global
	GlobalSection(SolutionConfigurationPlatforms) = preSolution
		Debug|Any CPU = Debug|Any CPU
		Release|Any CPU = Release|Any CPU
	EndGlobalSection
	GlobalSection(ProjectConfigurationPlatforms) = postSolution
		{623D7BEA-F983-4FF3-BE49-B0A85FBD6833}.Debug|Any CPU.ActiveCfg = Debug|Any CPU
		{623D7BEA-F983-4FF3-BE49-B0A85FBD6833}.Debug|Any CPU.Build.0 = Debug|Any CPU
		{623D7BEA-F983-4FF3-BE49-B0A85FBD6833}.Release|Any CPU.ActiveCfg = Release|Any CPU
		{623D7BEA-F983-4FF3-BE49-B0A85FBD6833}.Release|Any CPU.Build.0 = Release|Any CPU
	EndGlobalSection
	GlobalSection(SolutionProperties) = preSolution
		HideSolutionNode = FALSE
	EndGlobalSection
EndGlobal
